// !$*UTF8*$!
{
	archiveVersion = 1;
	classes = {
	};
	objectVersion = 50;
	objects = {

/* Begin PBXBuildFile section */
		425F9001257CB95800C15C21 /* AppDelegate.swift in Sources */ = {isa = PBXBuildFile; fileRef = 425F9000257CB95800C15C21 /* AppDelegate.swift */; };
		425F9003257CB95800C15C21 /* SceneDelegate.swift in Sources */ = {isa = PBXBuildFile; fileRef = 425F9002257CB95800C15C21 /* SceneDelegate.swift */; };
		425F9005257CB95800C15C21 /* ViewController.swift in Sources */ = {isa = PBXBuildFile; fileRef = 425F9004257CB95800C15C21 /* ViewController.swift */; };
		425F9008257CB95800C15C21 /* Main.storyboard in Resources */ = {isa = PBXBuildFile; fileRef = 425F9006257CB95800C15C21 /* Main.storyboard */; };
		425F900A257CB95900C15C21 /* Assets.xcassets in Resources */ = {isa = PBXBuildFile; fileRef = 425F9009257CB95900C15C21 /* Assets.xcassets */; };
		425F900D257CB95900C15C21 /* LaunchScreen.storyboard in Resources */ = {isa = PBXBuildFile; fileRef = 425F900B257CB95900C15C21 /* LaunchScreen.storyboard */; };
		4294AE96257CD6BE0056868F /* art.scnassets in Resources */ = {isa = PBXBuildFile; fileRef = 4294AE95257CD6BE0056868F /* art.scnassets */; };
		4294AE99257CD8400056868F /* Jellyfish-Texture.png in Resources */ = {isa = PBXBuildFile; fileRef = 4294AE98257CD8400056868F /* Jellyfish-Texture.png */; };
		C47340D8F398D2BBF65BE9A8 /* Pods_Whack_a_Jellyfish.framework in Frameworks */ = {isa = PBXBuildFile; fileRef = BF23D2EA7709BA1E1832DF15 /* Pods_Whack_a_Jellyfish.framework */; };
/* End PBXBuildFile section */

/* Begin PBXFileReference section */
		425F8FFD257CB95800C15C21 /* Whack-a-Jellyfish.app */ = {isa = PBXFileReference; explicitFileType = wrapper.application; includeInIndex = 0; path = "Whack-a-Jellyfish.app"; sourceTree = BUILT_PRODUCTS_DIR; };
		425F9000257CB95800C15C21 /* AppDelegate.swift */ = {isa = PBXFileReference; lastKnownFileType = sourcecode.swift; path = AppDelegate.swift; sourceTree = "<group>"; };
		425F9002257CB95800C15C21 /* SceneDelegate.swift */ = {isa = PBXFileReference; lastKnownFileType = sourcecode.swift; path = SceneDelegate.swift; sourceTree = "<group>"; };
		425F9004257CB95800C15C21 /* ViewController.swift */ = {isa = PBXFileReference; lastKnownFileType = sourcecode.swift; path = ViewController.swift; sourceTree = "<group>"; };
		425F9007257CB95800C15C21 /* Base */ = {isa = PBXFileReference; lastKnownFileType = file.storyboard; name = Base; path = Base.lproj/Main.storyboard; sourceTree = "<group>"; };
		425F9009257CB95900C15C21 /* Assets.xcassets */ = {isa = PBXFileReference; lastKnownFileType = folder.assetcatalog; path = Assets.xcassets; sourceTree = "<group>"; };
		425F900C257CB95900C15C21 /* Base */ = {isa = PBXFileReference; lastKnownFileType = file.storyboard; name = Base; path = Base.lproj/LaunchScreen.storyboard; sourceTree = "<group>"; };
		425F900E257CB95900C15C21 /* Info.plist */ = {isa = PBXFileReference; lastKnownFileType = text.plist.xml; path = Info.plist; sourceTree = "<group>"; };
		4294AE95257CD6BE0056868F /* art.scnassets */ = {isa = PBXFileReference; lastKnownFileType = wrapper.scnassets; path = art.scnassets; sourceTree = "<group>"; };
		4294AE98257CD8400056868F /* Jellyfish-Texture.png */ = {isa = PBXFileReference; lastKnownFileType = image.png; path = "Jellyfish-Texture.png"; sourceTree = "<group>"; };
		8338746B0AFEA97943EA2C66 /* Pods-Whack-a-Jellyfish.debug.xcconfig */ = {isa = PBXFileReference; includeInIndex = 1; lastKnownFileType = text.xcconfig; name = "Pods-Whack-a-Jellyfish.debug.xcconfig"; path = "Target Support Files/Pods-Whack-a-Jellyfish/Pods-Whack-a-Jellyfish.debug.xcconfig"; sourceTree = "<group>"; };
		9927C400D4983404227A81A0 /* Pods-Whack-a-Jellyfish.release.xcconfig */ = {isa = PBXFileReference; includeInIndex = 1; lastKnownFileType = text.xcconfig; name = "Pods-Whack-a-Jellyfish.release.xcconfig"; path = "Target Support Files/Pods-Whack-a-Jellyfish/Pods-Whack-a-Jellyfish.release.xcconfig"; sourceTree = "<group>"; };
		BF23D2EA7709BA1E1832DF15 /* Pods_Whack_a_Jellyfish.framework */ = {isa = PBXFileReference; explicitFileType = wrapper.framework; includeInIndex = 0; path = Pods_Whack_a_Jellyfish.framework; sourceTree = BUILT_PRODUCTS_DIR; };
/* End PBXFileReference section */

/* Begin PBXFrameworksBuildPhase section */
		425F8FFA257CB95800C15C21 /* Frameworks */ = {
			isa = PBXFrameworksBuildPhase;
			buildActionMask = 2147483647;
			files = (
				C47340D8F398D2BBF65BE9A8 /* Pods_Whack_a_Jellyfish.framework in Frameworks */,
			);
			runOnlyForDeploymentPostprocessing = 0;
		};
/* End PBXFrameworksBuildPhase section */

/* Begin PBXGroup section */
		425F8FF4257CB95800C15C21 = {
			isa = PBXGroup;
			children = (
				425F8FFF257CB95800C15C21 /* Whack-a-Jellyfish */,
				425F8FFE257CB95800C15C21 /* Products */,
				8406EDD04D93FF71F4C268D7 /* Pods */,
				5145FA5CB6101B0AAEEF3A53 /* Frameworks */,
			);
			sourceTree = "<group>";
		};
		425F8FFE257CB95800C15C21 /* Products */ = {
			isa = PBXGroup;
			children = (
				425F8FFD257CB95800C15C21 /* Whack-a-Jellyfish.app */,
			);
			name = Products;
			sourceTree = "<group>";
		};
		425F8FFF257CB95800C15C21 /* Whack-a-Jellyfish */ = {
			isa = PBXGroup;
			children = (
				4294AE98257CD8400056868F /* Jellyfish-Texture.png */,
				425F9000257CB95800C15C21 /* AppDelegate.swift */,
				425F9002257CB95800C15C21 /* SceneDelegate.swift */,
				425F9004257CB95800C15C21 /* ViewController.swift */,
				425F9006257CB95800C15C21 /* Main.storyboard */,
				425F9009257CB95900C15C21 /* Assets.xcassets */,
				4294AE95257CD6BE0056868F /* art.scnassets */,
				425F900B257CB95900C15C21 /* LaunchScreen.storyboard */,
				425F900E257CB95900C15C21 /* Info.plist */,
			);
			path = "Whack-a-Jellyfish";
			sourceTree = "<group>";
		};
		5145FA5CB6101B0AAEEF3A53 /* Frameworks */ = {
			isa = PBXGroup;
			children = (
				BF23D2EA7709BA1E1832DF15 /* Pods_Whack_a_Jellyfish.framework */,
			);
			name = Frameworks;
			sourceTree = "<group>";
		};
		8406EDD04D93FF71F4C268D7 /* Pods */ = {
			isa = PBXGroup;
			children = (
				8338746B0AFEA97943EA2C66 /* Pods-Whack-a-Jellyfish.debug.xcconfig */,
				9927C400D4983404227A81A0 /* Pods-Whack-a-Jellyfish.release.xcconfig */,
			);
			name = Pods;
			path = Pods;
			sourceTree = "<group>";
		};
/* End PBXGroup section */

/* Begin PBXNativeTarget section */
		425F8FFC257CB95800C15C21 /* Whack-a-Jellyfish */ = {
			isa = PBXNativeTarget;
			buildConfigurationList = 425F9011257CB95900C15C21 /* Build configuration list for PBXNativeTarget "Whack-a-Jellyfish" */;
			buildPhases = (
				47D022433B973E55BFF125D1 /* [CP] Check Pods Manifest.lock */,
				425F8FF9257CB95800C15C21 /* Sources */,
				425F8FFA257CB95800C15C21 /* Frameworks */,
				425F8FFB257CB95800C15C21 /* Resources */,
				72FF60BACB683D32D341C4C6 /* [CP] Embed Pods Frameworks */,
			);
			buildRules = (
			);
			dependencies = (
			);
			name = "Whack-a-Jellyfish";
			productName = "Whack-a-Jellyfish";
			productReference = 425F8FFD257CB95800C15C21 /* Whack-a-Jellyfish.app */;
			productType = "com.apple.product-type.application";
		};
/* End PBXNativeTarget section */

/* Begin PBXProject section */
		425F8FF5257CB95800C15C21 /* Project object */ = {
			isa = PBXProject;
			attributes = {
				LastSwiftUpdateCheck = 1220;
				LastUpgradeCheck = 1220;
				TargetAttributes = {
					425F8FFC257CB95800C15C21 = {
						CreatedOnToolsVersion = 12.2;
					};
				};
			};
			buildConfigurationList = 425F8FF8257CB95800C15C21 /* Build configuration list for PBXProject "Whack-a-Jellyfish" */;
			compatibilityVersion = "Xcode 9.3";
			developmentRegion = en;
			hasScannedForEncodings = 0;
			knownRegions = (
				en,
				Base,
			);
			mainGroup = 425F8FF4257CB95800C15C21;
			productRefGroup = 425F8FFE257CB95800C15C21 /* Products */;
			projectDirPath = "";
			projectRoot = "";
			targets = (
				425F8FFC257CB95800C15C21 /* Whack-a-Jellyfish */,
			);
		};
/* End PBXProject section */

/* Begin PBXResourcesBuildPhase section */
		425F8FFB257CB95800C15C21 /* Resources */ = {
			isa = PBXResourcesBuildPhase;
			buildActionMask = 2147483647;
			files = (
				425F900D257CB95900C15C21 /* LaunchScreen.storyboard in Resources */,
				4294AE96257CD6BE0056868F /* art.scnassets in Resources */,
				425F900A257CB95900C15C21 /* Assets.xcassets in Resources */,
				425F9008257CB95800C15C21 /* Main.storyboard in Resources */,
				4294AE99257CD8400056868F /* Jellyfish-Texture.png in Resources */,
			);
			runOnlyForDeploymentPostprocessing = 0;
		};
/* End PBXResourcesBuildPhase section */

/* Begin PBXShellScriptBuildPhase section */
		47D022433B973E55BFF125D1 /* [CP] Check Pods Manifest.lock */ = {
			isa = PBXShellScriptBuildPhase;
			buildActionMask = 2147483647;
			files = (
			);
			inputFileListPaths = (
			);
			inputPaths = (
				"${PODS_PODFILE_DIR_PATH}/Podfile.lock",
				"${PODS_ROOT}/Manifest.lock",
			);
			name = "[CP] Check Pods Manifest.lock";
			outputFileListPaths = (
			);
			outputPaths = (
				"$(DERIVED_FILE_DIR)/Pods-Whack-a-Jellyfish-checkManifestLockResult.txt",
			);
			runOnlyForDeploymentPostprocessing = 0;
			shellPath = /bin/sh;
			shellScript = "diff \"${PODS_PODFILE_DIR_PATH}/Podfile.lock\" \"${PODS_ROOT}/Manifest.lock\" > /dev/null\nif [ $? != 0 ] ; then\n    # print error to STDERR\n    echo \"error: The sandbox is not in sync with the Podfile.lock. Run 'pod install' or update your CocoaPods installation.\" >&2\n    exit 1\nfi\n# This output is used by Xcode 'outputs' to avoid re-running this script phase.\necho \"SUCCESS\" > \"${SCRIPT_OUTPUT_FILE_0}\"\n";
			showEnvVarsInLog = 0;
		};
		72FF60BACB683D32D341C4C6 /* [CP] Embed Pods Frameworks */ = {
			isa = PBXShellScriptBuildPhase;
			buildActionMask = 2147483647;
			files = (
			);
			inputFileListPaths = (
				"${PODS_ROOT}/Target Support Files/Pods-Whack-a-Jellyfish/Pods-Whack-a-Jellyfish-frameworks-${CONFIGURATION}-input-files.xcfilelist",
			);
			name = "[CP] Embed Pods Frameworks";
			outputFileListPaths = (
				"${PODS_ROOT}/Target Support Files/Pods-Whack-a-Jellyfish/Pods-Whack-a-Jellyfish-frameworks-${CONFIGURATION}-output-files.xcfilelist",
			);
			runOnlyForDeploymentPostprocessing = 0;
			shellPath = /bin/sh;
			shellScript = "\"${PODS_ROOT}/Target Support Files/Pods-Whack-a-Jellyfish/Pods-Whack-a-Jellyfish-frameworks.sh\"\n";
			showEnvVarsInLog = 0;
		};
/* End PBXShellScriptBuildPhase section */

/* Begin PBXSourcesBuildPhase section */
		425F8FF9257CB95800C15C21 /* Sources */ = {
			isa = PBXSourcesBuildPhase;
			buildActionMask = 2147483647;
			files = (
				425F9005257CB95800C15C21 /* ViewController.swift in Sources */,
				425F9001257CB95800C15C21 /* AppDelegate.swift in Sources */,
				425F9003257CB95800C15C21 /* SceneDelegate.swift in Sources */,
			);
			runOnlyForDeploymentPostprocessing = 0;
		};
/* End PBXSourcesBuildPhase section */

/* Begin PBXVariantGroup section */
		425F9006257CB95800C15C21 /* Main.storyboard */ = {
			isa = PBXVariantGroup;
			children = (
				425F9007257CB95800C15C21 /* Base */,
			);
			name = Main.storyboard;
			sourceTree = "<group>";
		};
		425F900B257CB95900C15C21 /* LaunchScreen.storyboard */ = {
			isa = PBXVariantGroup;
			children = (
				425F900C257CB95900C15C21 /* Base */,
			);
			name = LaunchScreen.storyboard;
			sourceTree = "<group>";
		};
/* End PBXVariantGroup section */

/* Begin XCBuildConfiguration section */
		425F900F257CB95900C15C21 /* Debug */ = {
			isa = XCBuildConfiguration;
			buildSettings = {
				ALWAYS_SEARCH_USER_PATHS = NO;
				CLANG_ANALYZER_NONNULL = YES;
				CLANG_ANALYZER_NUMBER_OBJECT_CONVERSION = YES_AGGRESSIVE;
				CLANG_CXX_LANGUAGE_STANDARD = "gnu++14";
				CLANG_CXX_LIBRARY = "libc++";
				CLANG_ENABLE_MODULES = YES;
				CLANG_ENABLE_OBJC_ARC = YES;
				CLANG_ENABLE_OBJC_WEAK = YES;
				CLANG_WARN_BLOCK_CAPTURE_AUTORELEASING = YES;
				CLANG_WARN_BOOL_CONVERSION = YES;
				CLANG_WARN_COMMA = YES;
				CLANG_WARN_CONSTANT_CONVERSION = YES;
				CLANG_WARN_DEPRECATED_OBJC_IMPLEMENTATIONS = YES;
				CLANG_WARN_DIRECT_OBJC_ISA_USAGE = YES_ERROR;
				CLANG_WARN_DOCUMENTATION_COMMENTS = YES;
				CLANG_WARN_EMPTY_BODY = YES;
				CLANG_WARN_ENUM_CONVERSION = YES;
				CLANG_WARN_INFINITE_RECURSION = YES;
				CLANG_WARN_INT_CONVERSION = YES;
				CLANG_WARN_NON_LITERAL_NULL_CONVERSION = YES;
				CLANG_WARN_OBJC_IMPLICIT_RETAIN_SELF = YES;
				CLANG_WARN_OBJC_LITERAL_CONVERSION = YES;
				CLANG_WARN_OBJC_ROOT_CLASS = YES_ERROR;
				CLANG_WARN_QUOTED_INCLUDE_IN_FRAMEWORK_HEADER = YES;
				CLANG_WARN_RANGE_LOOP_ANALYSIS = YES;
				CLANG_WARN_STRICT_PROTOTYPES = YES;
				CLANG_WARN_SUSPICIOUS_MOVE = YES;
				CLANG_WARN_UNGUARDED_AVAILABILITY = YES_AGGRESSIVE;
				CLANG_WARN_UNREACHABLE_CODE = YES;
				CLANG_WARN__DUPLICATE_METHOD_MATCH = YES;
				COPY_PHASE_STRIP = NO;
				DEBUG_INFORMATION_FORMAT = dwarf;
				ENABLE_STRICT_OBJC_MSGSEND = YES;
				ENABLE_TESTABILITY = YES;
				GCC_C_LANGUAGE_STANDARD = gnu11;
				GCC_DYNAMIC_NO_PIC = NO;
				GCC_NO_COMMON_BLOCKS = YES;
				GCC_OPTIMIZATION_LEVEL = 0;
				GCC_PREPROCESSOR_DEFINITIONS = (
					"DEBUG=1",
					"$(inherited)",
				);
				GCC_WARN_64_TO_32_BIT_CONVERSION = YES;
				GCC_WARN_ABOUT_RETURN_TYPE = YES_ERROR;
				GCC_WARN_UNDECLARED_SELECTOR = YES;
				GCC_WARN_UNINITIALIZED_AUTOS = YES_AGGRESSIVE;
				GCC_WARN_UNUSED_FUNCTION = YES;
				GCC_WARN_UNUSED_VARIABLE = YES;
				IPHONEOS_DEPLOYMENT_TARGET = 14.2;
				MTL_ENABLE_DEBUG_INFO = INCLUDE_SOURCE;
				MTL_FAST_MATH = YES;
				ONLY_ACTIVE_ARCH = YES;
				SDKROOT = iphoneos;
				SWIFT_ACTIVE_COMPILATION_CONDITIONS = DEBUG;
				SWIFT_OPTIMIZATION_LEVEL = "-Onone";
			};
			name = Debug;
		};
		425F9010257CB95900C15C21 /* Release */ = {
			isa = XCBuildConfiguration;
			buildSettings = {
				ALWAYS_SEARCH_USER_PATHS = NO;
				CLANG_ANALYZER_NONNULL = YES;
				CLANG_ANALYZER_NUMBER_OBJECT_CONVERSION = YES_AGGRESSIVE;
				CLANG_CXX_LANGUAGE_STANDARD = "gnu++14";
				CLANG_CXX_LIBRARY = "libc++";
				CLANG_ENABLE_MODULES = YES;
				CLANG_ENABLE_OBJC_ARC = YES;
				CLANG_ENABLE_OBJC_WEAK = YES;
				CLANG_WARN_BLOCK_CAPTURE_AUTORELEASING = YES;
				CLANG_WARN_BOOL_CONVERSION = YES;
				CLANG_WARN_COMMA = YES;
				CLANG_WARN_CONSTANT_CONVERSION = YES;
				CLANG_WARN_DEPRECATED_OBJC_IMPLEMENTATIONS = YES;
				CLANG_WARN_DIRECT_OBJC_ISA_USAGE = YES_ERROR;
				CLANG_WARN_DOCUMENTATION_COMMENTS = YES;
				CLANG_WARN_EMPTY_BODY = YES;
				CLANG_WARN_ENUM_CONVERSION = YES;
				CLANG_WARN_INFINITE_RECURSION = YES;
				CLANG_WARN_INT_CONVERSION = YES;
				CLANG_WARN_NON_LITERAL_NULL_CONVERSION = YES;
				CLANG_WARN_OBJC_IMPLICIT_RETAIN_SELF = YES;
				CLANG_WARN_OBJC_LITERAL_CONVERSION = YES;
				CLANG_WARN_OBJC_ROOT_CLASS = YES_ERROR;
				CLANG_WARN_QUOTED_INCLUDE_IN_FRAMEWORK_HEADER = YES;
				CLANG_WARN_RANGE_LOOP_ANALYSIS = YES;
				CLANG_WARN_STRICT_PROTOTYPES = YES;
				CLANG_WARN_SUSPICIOUS_MOVE = YES;
				CLANG_WARN_UNGUARDED_AVAILABILITY = YES_AGGRESSIVE;
				CLANG_WARN_UNREACHABLE_CODE = YES;
				CLANG_WARN__DUPLICATE_METHOD_MATCH = YES;
				COPY_PHASE_STRIP = NO;
				DEBUG_INFORMATION_FORMAT = "dwarf-with-dsym";
				ENABLE_NS_ASSERTIONS = NO;
				ENABLE_STRICT_OBJC_MSGSEND = YES;
				GCC_C_LANGUAGE_STANDARD = gnu11;
				GCC_NO_COMMON_BLOCKS = YES;
				GCC_WARN_64_TO_32_BIT_CONVERSION = YES;
				GCC_WARN_ABOUT_RETURN_TYPE = YES_ERROR;
				GCC_WARN_UNDECLARED_SELECTOR = YES;
				GCC_WARN_UNINITIALIZED_AUTOS = YES_AGGRESSIVE;
				GCC_WARN_UNUSED_FUNCTION = YES;
				GCC_WARN_UNUSED_VARIABLE = YES;
				IPHONEOS_DEPLOYMENT_TARGET = 14.2;
				MTL_ENABLE_DEBUG_INFO = NO;
				MTL_FAST_MATH = YES;
				SDKROOT = iphoneos;
				SWIFT_COMPILATION_MODE = wholemodule;
				SWIFT_OPTIMIZATION_LEVEL = "-O";
				VALIDATE_PRODUCT = YES;
			};
			name = Release;
		};
		425F9012257CB95900C15C21 /* Debug */ = {
			isa = XCBuildConfiguration;
			baseConfigurationReference = 8338746B0AFEA97943EA2C66 /* Pods-Whack-a-Jellyfish.debug.xcconfig */;
			buildSettings = {
				ASSETCATALOG_COMPILER_APPICON_NAME = AppIcon;
				ASSETCATALOG_COMPILER_GLOBAL_ACCENT_COLOR_NAME = AccentColor;
				CODE_SIGN_STYLE = Automatic;
				DEVELOPMENT_TEAM = DX4KVUBK56;
				INFOPLIST_FILE = "Whack-a-Jellyfish/Info.plist";
				LD_RUNPATH_SEARCH_PATHS = (
					"$(inherited)",
					"@executable_path/Frameworks",
				);
				PRODUCT_BUNDLE_IDENTIFIER = "com.gmail.KasRoid.Whack-a-Jellyfish";
				PRODUCT_NAME = "$(TARGET_NAME)";
				SWIFT_VERSION = 5.0;
				TARGETED_DEVICE_FAMILY = "1,2";
			};
			name = Debug;
		};
		425F9013257CB95900C15C21 /* Release */ = {
			isa = XCBuildConfiguration;
			baseConfigurationReference = 9927C400D4983404227A81A0 /* Pods-Whack-a-Jellyfish.release.xcconfig */;
			buildSettings = {
				ASSETCATALOG_COMPILER_APPICON_NAME = AppIcon;
				ASSETCATALOG_COMPILER_GLOBAL_ACCENT_COLOR_NAME = AccentColor;
				CODE_SIGN_STYLE = Automatic;
				DEVELOPMENT_TEAM = DX4KVUBK56;
				INFOPLIST_FILE = "Whack-a-Jellyfish/Info.plist";
				LD_RUNPATH_SEARCH_PATHS = (
					"$(inherited)",
					"@executable_path/Frameworks",
				);
				PRODUCT_BUNDLE_IDENTIFIER = "com.gmail.KasRoid.Whack-a-Jellyfish";
				PRODUCT_NAME = "$(TARGET_NAME)";
				SWIFT_VERSION = 5.0;
				TARGETED_DEVICE_FAMILY = "1,2";
			};
			name = Release;
		};
/* End XCBuildConfiguration section */

/* Begin XCConfigurationList section */
		425F8FF8257CB95800C15C21 /* Build configuration list for PBXProject "Whack-a-Jellyfish" */ = {
			isa = XCConfigurationList;
			buildConfigurations = (
				425F900F257CB95900C15C21 /* Debug */,
				425F9010257CB95900C15C21 /* Release */,
			);
			defaultConfigurationIsVisible = 0;
			defaultConfigurationName = Release;
		};
		425F9011257CB95900C15C21 /* Build configuration list for PBXNativeTarget "Whack-a-Jellyfish" */ = {
			isa = XCConfigurationList;
			buildConfigurations = (
				425F9012257CB95900C15C21 /* Debug */,
				425F9013257CB95900C15C21 /* Release */,
			);
			defaultConfigurationIsVisible = 0;
			defaultConfigurationName = Release;
		};
/* End XCConfigurationList section */
	};
	rootObject = 425F8FF5257CB95800C15C21 /* Project object */;
}
