// !$*UTF8*$!
{
	archiveVersion = 1;
	classes = {
	};
	objectVersion = 50;
	objects = {

/* Begin PBXBuildFile section */
		05F9C457BDEEF36A788D8E0F /* Pods_AR_Hoops.framework in Frameworks */ = {isa = PBXBuildFile; fileRef = A3443966B4F8A25836857E19 /* Pods_AR_Hoops.framework */; };
		423F769D25A14E8400C32638 /* AppDelegate.swift in Sources */ = {isa = PBXBuildFile; fileRef = 423F769C25A14E8400C32638 /* AppDelegate.swift */; };
		423F769F25A14E8400C32638 /* SceneDelegate.swift in Sources */ = {isa = PBXBuildFile; fileRef = 423F769E25A14E8400C32638 /* SceneDelegate.swift */; };
		423F76A125A14E8400C32638 /* ViewController.swift in Sources */ = {isa = PBXBuildFile; fileRef = 423F76A025A14E8400C32638 /* ViewController.swift */; };
		423F76A425A14E8400C32638 /* Main.storyboard in Resources */ = {isa = PBXBuildFile; fileRef = 423F76A225A14E8400C32638 /* Main.storyboard */; };
		423F76A625A14E8800C32638 /* Assets.xcassets in Resources */ = {isa = PBXBuildFile; fileRef = 423F76A525A14E8800C32638 /* Assets.xcassets */; };
		423F76A925A14E8800C32638 /* LaunchScreen.storyboard in Resources */ = {isa = PBXBuildFile; fileRef = 423F76A725A14E8800C32638 /* LaunchScreen.storyboard */; };
		42CA5BF325A154E6008955BF /* Basketball.scnassets in Resources */ = {isa = PBXBuildFile; fileRef = 42CA5BF225A154E6008955BF /* Basketball.scnassets */; };
/* End PBXBuildFile section */

/* Begin PBXFileReference section */
		2FC69D6A772E396E65411794 /* Pods-AR-Hoops.debug.xcconfig */ = {isa = PBXFileReference; includeInIndex = 1; lastKnownFileType = text.xcconfig; name = "Pods-AR-Hoops.debug.xcconfig"; path = "Target Support Files/Pods-AR-Hoops/Pods-AR-Hoops.debug.xcconfig"; sourceTree = "<group>"; };
		423F769925A14E8400C32638 /* AR-Hoops.app */ = {isa = PBXFileReference; explicitFileType = wrapper.application; includeInIndex = 0; path = "AR-Hoops.app"; sourceTree = BUILT_PRODUCTS_DIR; };
		423F769C25A14E8400C32638 /* AppDelegate.swift */ = {isa = PBXFileReference; lastKnownFileType = sourcecode.swift; path = AppDelegate.swift; sourceTree = "<group>"; };
		423F769E25A14E8400C32638 /* SceneDelegate.swift */ = {isa = PBXFileReference; lastKnownFileType = sourcecode.swift; path = SceneDelegate.swift; sourceTree = "<group>"; };
		423F76A025A14E8400C32638 /* ViewController.swift */ = {isa = PBXFileReference; lastKnownFileType = sourcecode.swift; path = ViewController.swift; sourceTree = "<group>"; };
		423F76A325A14E8400C32638 /* Base */ = {isa = PBXFileReference; lastKnownFileType = file.storyboard; name = Base; path = Base.lproj/Main.storyboard; sourceTree = "<group>"; };
		423F76A525A14E8800C32638 /* Assets.xcassets */ = {isa = PBXFileReference; lastKnownFileType = folder.assetcatalog; path = Assets.xcassets; sourceTree = "<group>"; };
		423F76A825A14E8800C32638 /* Base */ = {isa = PBXFileReference; lastKnownFileType = file.storyboard; name = Base; path = Base.lproj/LaunchScreen.storyboard; sourceTree = "<group>"; };
		423F76AA25A14E8800C32638 /* Info.plist */ = {isa = PBXFileReference; lastKnownFileType = text.plist.xml; path = Info.plist; sourceTree = "<group>"; };
		42CA5BF225A154E6008955BF /* Basketball.scnassets */ = {isa = PBXFileReference; lastKnownFileType = wrapper.scnassets; path = Basketball.scnassets; sourceTree = "<group>"; };
		A3443966B4F8A25836857E19 /* Pods_AR_Hoops.framework */ = {isa = PBXFileReference; explicitFileType = wrapper.framework; includeInIndex = 0; path = Pods_AR_Hoops.framework; sourceTree = BUILT_PRODUCTS_DIR; };
		E997E9130C772FF9E102127C /* Pods-AR-Hoops.release.xcconfig */ = {isa = PBXFileReference; includeInIndex = 1; lastKnownFileType = text.xcconfig; name = "Pods-AR-Hoops.release.xcconfig"; path = "Target Support Files/Pods-AR-Hoops/Pods-AR-Hoops.release.xcconfig"; sourceTree = "<group>"; };
/* End PBXFileReference section */

/* Begin PBXFrameworksBuildPhase section */
		423F769625A14E8400C32638 /* Frameworks */ = {
			isa = PBXFrameworksBuildPhase;
			buildActionMask = 2147483647;
			files = (
				05F9C457BDEEF36A788D8E0F /* Pods_AR_Hoops.framework in Frameworks */,
			);
			runOnlyForDeploymentPostprocessing = 0;
		};
/* End PBXFrameworksBuildPhase section */

/* Begin PBXGroup section */
		423F769025A14E8400C32638 = {
			isa = PBXGroup;
			children = (
				423F769B25A14E8400C32638 /* AR-Hoops */,
				423F769A25A14E8400C32638 /* Products */,
				65D786CA5FF9F21E88D2A270 /* Pods */,
				9E35B361B33DE089ECC26F14 /* Frameworks */,
			);
			sourceTree = "<group>";
		};
		423F769A25A14E8400C32638 /* Products */ = {
			isa = PBXGroup;
			children = (
				423F769925A14E8400C32638 /* AR-Hoops.app */,
			);
			name = Products;
			sourceTree = "<group>";
		};
		423F769B25A14E8400C32638 /* AR-Hoops */ = {
			isa = PBXGroup;
			children = (
				423F76A025A14E8400C32638 /* ViewController.swift */,
				423F76A225A14E8400C32638 /* Main.storyboard */,
				42CA5BF225A154E6008955BF /* Basketball.scnassets */,
				426FA9A225A15DB800C693C9 /* Supports */,
				423F76AA25A14E8800C32638 /* Info.plist */,
			);
			path = "AR-Hoops";
			sourceTree = "<group>";
		};
		426FA9A225A15DB800C693C9 /* Supports */ = {
			isa = PBXGroup;
			children = (
				423F769C25A14E8400C32638 /* AppDelegate.swift */,
				423F769E25A14E8400C32638 /* SceneDelegate.swift */,
				423F76A525A14E8800C32638 /* Assets.xcassets */,
				423F76A725A14E8800C32638 /* LaunchScreen.storyboard */,
			);
			path = Supports;
			sourceTree = "<group>";
		};
		65D786CA5FF9F21E88D2A270 /* Pods */ = {
			isa = PBXGroup;
			children = (
				2FC69D6A772E396E65411794 /* Pods-AR-Hoops.debug.xcconfig */,
				E997E9130C772FF9E102127C /* Pods-AR-Hoops.release.xcconfig */,
			);
			name = Pods;
			path = Pods;
			sourceTree = "<group>";
		};
		9E35B361B33DE089ECC26F14 /* Frameworks */ = {
			isa = PBXGroup;
			children = (
				A3443966B4F8A25836857E19 /* Pods_AR_Hoops.framework */,
			);
			name = Frameworks;
			sourceTree = "<group>";
		};
/* End PBXGroup section */

/* Begin PBXNativeTarget section */
		423F769825A14E8400C32638 /* AR-Hoops */ = {
			isa = PBXNativeTarget;
			buildConfigurationList = 423F76AD25A14E8800C32638 /* Build configuration list for PBXNativeTarget "AR-Hoops" */;
			buildPhases = (
				A85879A9ACA943D1FDF63231 /* [CP] Check Pods Manifest.lock */,
				423F769525A14E8400C32638 /* Sources */,
				423F769625A14E8400C32638 /* Frameworks */,
				423F769725A14E8400C32638 /* Resources */,
				B7EA722C967EB40AC72818C9 /* [CP] Embed Pods Frameworks */,
			);
			buildRules = (
			);
			dependencies = (
			);
			name = "AR-Hoops";
			productName = "AR-Hoops";
			productReference = 423F769925A14E8400C32638 /* AR-Hoops.app */;
			productType = "com.apple.product-type.application";
		};
/* End PBXNativeTarget section */

/* Begin PBXProject section */
		423F769125A14E8400C32638 /* Project object */ = {
			isa = PBXProject;
			attributes = {
				LastSwiftUpdateCheck = 1230;
				LastUpgradeCheck = 1230;
				TargetAttributes = {
					423F769825A14E8400C32638 = {
						CreatedOnToolsVersion = 12.3;
					};
				};
			};
			buildConfigurationList = 423F769425A14E8400C32638 /* Build configuration list for PBXProject "AR-Hoops" */;
			compatibilityVersion = "Xcode 9.3";
			developmentRegion = en;
			hasScannedForEncodings = 0;
			knownRegions = (
				en,
				Base,
			);
			mainGroup = 423F769025A14E8400C32638;
			productRefGroup = 423F769A25A14E8400C32638 /* Products */;
			projectDirPath = "";
			projectRoot = "";
			targets = (
				423F769825A14E8400C32638 /* AR-Hoops */,
			);
		};
/* End PBXProject section */

/* Begin PBXResourcesBuildPhase section */
		423F769725A14E8400C32638 /* Resources */ = {
			isa = PBXResourcesBuildPhase;
			buildActionMask = 2147483647;
			files = (
				42CA5BF325A154E6008955BF /* Basketball.scnassets in Resources */,
				423F76A925A14E8800C32638 /* LaunchScreen.storyboard in Resources */,
				423F76A625A14E8800C32638 /* Assets.xcassets in Resources */,
				423F76A425A14E8400C32638 /* Main.storyboard in Resources */,
			);
			runOnlyForDeploymentPostprocessing = 0;
		};
/* End PBXResourcesBuildPhase section */

/* Begin PBXShellScriptBuildPhase section */
		A85879A9ACA943D1FDF63231 /* [CP] Check Pods Manifest.lock */ = {
			isa = PBXShellScriptBuildPhase;
			buildActionMask = 2147483647;
			files = (
			);
			inputFileListPaths = (
			);
			inputPaths = (
				"${PODS_PODFILE_DIR_PATH}/Podfile.lock",
				"${PODS_ROOT}/Manifest.lock",
			);
			name = "[CP] Check Pods Manifest.lock";
			outputFileListPaths = (
			);
			outputPaths = (
				"$(DERIVED_FILE_DIR)/Pods-AR-Hoops-checkManifestLockResult.txt",
			);
			runOnlyForDeploymentPostprocessing = 0;
			shellPath = /bin/sh;
			shellScript = "diff \"${PODS_PODFILE_DIR_PATH}/Podfile.lock\" \"${PODS_ROOT}/Manifest.lock\" > /dev/null\nif [ $? != 0 ] ; then\n    # print error to STDERR\n    echo \"error: The sandbox is not in sync with the Podfile.lock. Run 'pod install' or update your CocoaPods installation.\" >&2\n    exit 1\nfi\n# This output is used by Xcode 'outputs' to avoid re-running this script phase.\necho \"SUCCESS\" > \"${SCRIPT_OUTPUT_FILE_0}\"\n";
			showEnvVarsInLog = 0;
		};
		B7EA722C967EB40AC72818C9 /* [CP] Embed Pods Frameworks */ = {
			isa = PBXShellScriptBuildPhase;
			buildActionMask = 2147483647;
			files = (
			);
			inputFileListPaths = (
				"${PODS_ROOT}/Target Support Files/Pods-AR-Hoops/Pods-AR-Hoops-frameworks-${CONFIGURATION}-input-files.xcfilelist",
			);
			name = "[CP] Embed Pods Frameworks";
			outputFileListPaths = (
				"${PODS_ROOT}/Target Support Files/Pods-AR-Hoops/Pods-AR-Hoops-frameworks-${CONFIGURATION}-output-files.xcfilelist",
			);
			runOnlyForDeploymentPostprocessing = 0;
			shellPath = /bin/sh;
			shellScript = "\"${PODS_ROOT}/Target Support Files/Pods-AR-Hoops/Pods-AR-Hoops-frameworks.sh\"\n";
			showEnvVarsInLog = 0;
		};
/* End PBXShellScriptBuildPhase section */

/* Begin PBXSourcesBuildPhase section */
		423F769525A14E8400C32638 /* Sources */ = {
			isa = PBXSourcesBuildPhase;
			buildActionMask = 2147483647;
			files = (
				423F76A125A14E8400C32638 /* ViewController.swift in Sources */,
				423F769D25A14E8400C32638 /* AppDelegate.swift in Sources */,
				423F769F25A14E8400C32638 /* SceneDelegate.swift in Sources */,
			);
			runOnlyForDeploymentPostprocessing = 0;
		};
/* End PBXSourcesBuildPhase section */

/* Begin PBXVariantGroup section */
		423F76A225A14E8400C32638 /* Main.storyboard */ = {
			isa = PBXVariantGroup;
			children = (
				423F76A325A14E8400C32638 /* Base */,
			);
			name = Main.storyboard;
			sourceTree = "<group>";
		};
		423F76A725A14E8800C32638 /* LaunchScreen.storyboard */ = {
			isa = PBXVariantGroup;
			children = (
				423F76A825A14E8800C32638 /* Base */,
			);
			name = LaunchScreen.storyboard;
			sourceTree = "<group>";
		};
/* End PBXVariantGroup section */

/* Begin XCBuildConfiguration section */
		423F76AB25A14E8800C32638 /* Debug */ = {
			isa = XCBuildConfiguration;
			buildSettings = {
				ALWAYS_SEARCH_USER_PATHS = NO;
				CLANG_ANALYZER_NONNULL = YES;
				CLANG_ANALYZER_NUMBER_OBJECT_CONVERSION = YES_AGGRESSIVE;
				CLANG_CXX_LANGUAGE_STANDARD = "gnu++14";
				CLANG_CXX_LIBRARY = "libc++";
				CLANG_ENABLE_MODULES = YES;
				CLANG_ENABLE_OBJC_ARC = YES;
				CLANG_ENABLE_OBJC_WEAK = YES;
				CLANG_WARN_BLOCK_CAPTURE_AUTORELEASING = YES;
				CLANG_WARN_BOOL_CONVERSION = YES;
				CLANG_WARN_COMMA = YES;
				CLANG_WARN_CONSTANT_CONVERSION = YES;
				CLANG_WARN_DEPRECATED_OBJC_IMPLEMENTATIONS = YES;
				CLANG_WARN_DIRECT_OBJC_ISA_USAGE = YES_ERROR;
				CLANG_WARN_DOCUMENTATION_COMMENTS = YES;
				CLANG_WARN_EMPTY_BODY = YES;
				CLANG_WARN_ENUM_CONVERSION = YES;
				CLANG_WARN_INFINITE_RECURSION = YES;
				CLANG_WARN_INT_CONVERSION = YES;
				CLANG_WARN_NON_LITERAL_NULL_CONVERSION = YES;
				CLANG_WARN_OBJC_IMPLICIT_RETAIN_SELF = YES;
				CLANG_WARN_OBJC_LITERAL_CONVERSION = YES;
				CLANG_WARN_OBJC_ROOT_CLASS = YES_ERROR;
				CLANG_WARN_QUOTED_INCLUDE_IN_FRAMEWORK_HEADER = YES;
				CLANG_WARN_RANGE_LOOP_ANALYSIS = YES;
				CLANG_WARN_STRICT_PROTOTYPES = YES;
				CLANG_WARN_SUSPICIOUS_MOVE = YES;
				CLANG_WARN_UNGUARDED_AVAILABILITY = YES_AGGRESSIVE;
				CLANG_WARN_UNREACHABLE_CODE = YES;
				CLANG_WARN__DUPLICATE_METHOD_MATCH = YES;
				COPY_PHASE_STRIP = NO;
				DEBUG_INFORMATION_FORMAT = dwarf;
				ENABLE_STRICT_OBJC_MSGSEND = YES;
				ENABLE_TESTABILITY = YES;
				GCC_C_LANGUAGE_STANDARD = gnu11;
				GCC_DYNAMIC_NO_PIC = NO;
				GCC_NO_COMMON_BLOCKS = YES;
				GCC_OPTIMIZATION_LEVEL = 0;
				GCC_PREPROCESSOR_DEFINITIONS = (
					"DEBUG=1",
					"$(inherited)",
				);
				GCC_WARN_64_TO_32_BIT_CONVERSION = YES;
				GCC_WARN_ABOUT_RETURN_TYPE = YES_ERROR;
				GCC_WARN_UNDECLARED_SELECTOR = YES;
				GCC_WARN_UNINITIALIZED_AUTOS = YES_AGGRESSIVE;
				GCC_WARN_UNUSED_FUNCTION = YES;
				GCC_WARN_UNUSED_VARIABLE = YES;
				IPHONEOS_DEPLOYMENT_TARGET = 14.3;
				MTL_ENABLE_DEBUG_INFO = INCLUDE_SOURCE;
				MTL_FAST_MATH = YES;
				ONLY_ACTIVE_ARCH = YES;
				SDKROOT = iphoneos;
				SWIFT_ACTIVE_COMPILATION_CONDITIONS = DEBUG;
				SWIFT_OPTIMIZATION_LEVEL = "-Onone";
			};
			name = Debug;
		};
		423F76AC25A14E8800C32638 /* Release */ = {
			isa = XCBuildConfiguration;
			buildSettings = {
				ALWAYS_SEARCH_USER_PATHS = NO;
				CLANG_ANALYZER_NONNULL = YES;
				CLANG_ANALYZER_NUMBER_OBJECT_CONVERSION = YES_AGGRESSIVE;
				CLANG_CXX_LANGUAGE_STANDARD = "gnu++14";
				CLANG_CXX_LIBRARY = "libc++";
				CLANG_ENABLE_MODULES = YES;
				CLANG_ENABLE_OBJC_ARC = YES;
				CLANG_ENABLE_OBJC_WEAK = YES;
				CLANG_WARN_BLOCK_CAPTURE_AUTORELEASING = YES;
				CLANG_WARN_BOOL_CONVERSION = YES;
				CLANG_WARN_COMMA = YES;
				CLANG_WARN_CONSTANT_CONVERSION = YES;
				CLANG_WARN_DEPRECATED_OBJC_IMPLEMENTATIONS = YES;
				CLANG_WARN_DIRECT_OBJC_ISA_USAGE = YES_ERROR;
				CLANG_WARN_DOCUMENTATION_COMMENTS = YES;
				CLANG_WARN_EMPTY_BODY = YES;
				CLANG_WARN_ENUM_CONVERSION = YES;
				CLANG_WARN_INFINITE_RECURSION = YES;
				CLANG_WARN_INT_CONVERSION = YES;
				CLANG_WARN_NON_LITERAL_NULL_CONVERSION = YES;
				CLANG_WARN_OBJC_IMPLICIT_RETAIN_SELF = YES;
				CLANG_WARN_OBJC_LITERAL_CONVERSION = YES;
				CLANG_WARN_OBJC_ROOT_CLASS = YES_ERROR;
				CLANG_WARN_QUOTED_INCLUDE_IN_FRAMEWORK_HEADER = YES;
				CLANG_WARN_RANGE_LOOP_ANALYSIS = YES;
				CLANG_WARN_STRICT_PROTOTYPES = YES;
				CLANG_WARN_SUSPICIOUS_MOVE = YES;
				CLANG_WARN_UNGUARDED_AVAILABILITY = YES_AGGRESSIVE;
				CLANG_WARN_UNREACHABLE_CODE = YES;
				CLANG_WARN__DUPLICATE_METHOD_MATCH = YES;
				COPY_PHASE_STRIP = NO;
				DEBUG_INFORMATION_FORMAT = "dwarf-with-dsym";
				ENABLE_NS_ASSERTIONS = NO;
				ENABLE_STRICT_OBJC_MSGSEND = YES;
				GCC_C_LANGUAGE_STANDARD = gnu11;
				GCC_NO_COMMON_BLOCKS = YES;
				GCC_WARN_64_TO_32_BIT_CONVERSION = YES;
				GCC_WARN_ABOUT_RETURN_TYPE = YES_ERROR;
				GCC_WARN_UNDECLARED_SELECTOR = YES;
				GCC_WARN_UNINITIALIZED_AUTOS = YES_AGGRESSIVE;
				GCC_WARN_UNUSED_FUNCTION = YES;
				GCC_WARN_UNUSED_VARIABLE = YES;
				IPHONEOS_DEPLOYMENT_TARGET = 14.3;
				MTL_ENABLE_DEBUG_INFO = NO;
				MTL_FAST_MATH = YES;
				SDKROOT = iphoneos;
				SWIFT_COMPILATION_MODE = wholemodule;
				SWIFT_OPTIMIZATION_LEVEL = "-O";
				VALIDATE_PRODUCT = YES;
			};
			name = Release;
		};
		423F76AE25A14E8800C32638 /* Debug */ = {
			isa = XCBuildConfiguration;
			baseConfigurationReference = 2FC69D6A772E396E65411794 /* Pods-AR-Hoops.debug.xcconfig */;
			buildSettings = {
				ASSETCATALOG_COMPILER_APPICON_NAME = AppIcon;
				ASSETCATALOG_COMPILER_GLOBAL_ACCENT_COLOR_NAME = AccentColor;
				CODE_SIGN_STYLE = Automatic;
				DEVELOPMENT_TEAM = DX4KVUBK56;
				INFOPLIST_FILE = "AR-Hoops/Info.plist";
				LD_RUNPATH_SEARCH_PATHS = (
					"$(inherited)",
					"@executable_path/Frameworks",
				);
				PRODUCT_BUNDLE_IDENTIFIER = "com.gmail.KasRoid.AR-Hoops";
				PRODUCT_NAME = "$(TARGET_NAME)";
				SWIFT_VERSION = 5.0;
				TARGETED_DEVICE_FAMILY = "1,2";
			};
			name = Debug;
		};
		423F76AF25A14E8800C32638 /* Release */ = {
			isa = XCBuildConfiguration;
			baseConfigurationReference = E997E9130C772FF9E102127C /* Pods-AR-Hoops.release.xcconfig */;
			buildSettings = {
				ASSETCATALOG_COMPILER_APPICON_NAME = AppIcon;
				ASSETCATALOG_COMPILER_GLOBAL_ACCENT_COLOR_NAME = AccentColor;
				CODE_SIGN_STYLE = Automatic;
				DEVELOPMENT_TEAM = DX4KVUBK56;
				INFOPLIST_FILE = "AR-Hoops/Info.plist";
				LD_RUNPATH_SEARCH_PATHS = (
					"$(inherited)",
					"@executable_path/Frameworks",
				);
				PRODUCT_BUNDLE_IDENTIFIER = "com.gmail.KasRoid.AR-Hoops";
				PRODUCT_NAME = "$(TARGET_NAME)";
				SWIFT_VERSION = 5.0;
				TARGETED_DEVICE_FAMILY = "1,2";
			};
			name = Release;
		};
/* End XCBuildConfiguration section */

/* Begin XCConfigurationList section */
		423F769425A14E8400C32638 /* Build configuration list for PBXProject "AR-Hoops" */ = {
			isa = XCConfigurationList;
			buildConfigurations = (
				423F76AB25A14E8800C32638 /* Debug */,
				423F76AC25A14E8800C32638 /* Release */,
			);
			defaultConfigurationIsVisible = 0;
			defaultConfigurationName = Release;
		};
		423F76AD25A14E8800C32638 /* Build configuration list for PBXNativeTarget "AR-Hoops" */ = {
			isa = XCConfigurationList;
			buildConfigurations = (
				423F76AE25A14E8800C32638 /* Debug */,
				423F76AF25A14E8800C32638 /* Release */,
			);
			defaultConfigurationIsVisible = 0;
			defaultConfigurationName = Release;
		};
/* End XCConfigurationList section */
	};
	rootObject = 423F769125A14E8400C32638 /* Project object */;
}
